// !$*UTF8*$!
{
	archiveVersion = 1;
	classes = {
	};
	objectVersion = 46;
	objects = {

/* Begin PBXBuildFile section */
		DB06DFC51E3D64E100B853EC /* AppDelegate.swift in Sources */ = {isa = PBXBuildFile; fileRef = DB06DFC41E3D64E100B853EC /* AppDelegate.swift */; };
		DB06DFC71E3D64E100B853EC /* ViewController.swift in Sources */ = {isa = PBXBuildFile; fileRef = DB06DFC61E3D64E100B853EC /* ViewController.swift */; };
		DB06DFCA1E3D64E100B853EC /* Main.storyboard in Resources */ = {isa = PBXBuildFile; fileRef = DB06DFC81E3D64E100B853EC /* Main.storyboard */; };
		DB06DFCC1E3D64E100B853EC /* Assets.xcassets in Resources */ = {isa = PBXBuildFile; fileRef = DB06DFCB1E3D64E100B853EC /* Assets.xcassets */; };
		DB06DFCF1E3D64E100B853EC /* LaunchScreen.storyboard in Resources */ = {isa = PBXBuildFile; fileRef = DB06DFCD1E3D64E100B853EC /* LaunchScreen.storyboard */; };
/* End PBXBuildFile section */

/* Begin PBXFileReference section */
		DB06DFC11E3D64E100B853EC /* iats.app */ = {isa = PBXFileReference; explicitFileType = wrapper.application; includeInIndex = 0; path = iats.app; sourceTree = BUILT_PRODUCTS_DIR; };
		DB06DFC41E3D64E100B853EC /* AppDelegate.swift */ = {isa = PBXFileReference; lastKnownFileType = sourcecode.swift; path = AppDelegate.swift; sourceTree = "<group>"; };
		DB06DFC61E3D64E100B853EC /* ViewController.swift */ = {isa = PBXFileReference; lastKnownFileType = sourcecode.swift; path = ViewController.swift; sourceTree = "<group>"; };
		DB06DFC91E3D64E100B853EC /* Base */ = {isa = PBXFileReference; lastKnownFileType = file.storyboard; name = Base; path = Base.lproj/Main.storyboard; sourceTree = "<group>"; };
		DB06DFCB1E3D64E100B853EC /* Assets.xcassets */ = {isa = PBXFileReference; lastKnownFileType = folder.assetcatalog; path = Assets.xcassets; sourceTree = "<group>"; };
		DB06DFCE1E3D64E100B853EC /* Base */ = {isa = PBXFileReference; lastKnownFileType = file.storyboard; name = Base; path = Base.lproj/LaunchScreen.storyboard; sourceTree = "<group>"; };
		DB06DFD01E3D64E100B853EC /* Info.plist */ = {isa = PBXFileReference; lastKnownFileType = text.plist.xml; path = Info.plist; sourceTree = "<group>"; };
/* End PBXFileReference section */

/* Begin PBXFrameworksBuildPhase section */
		DB06DFBE1E3D64E100B853EC /* Frameworks */ = {
			isa = PBXFrameworksBuildPhase;
			buildActionMask = 2147483647;
			files = (
			);
			runOnlyForDeploymentPostprocessing = 0;
		};
/* End PBXFrameworksBuildPhase section */

/* Begin PBXGroup section */
		DB06DFB81E3D64E100B853EC = {
			isa = PBXGroup;
			children = (
				DB06DFC31E3D64E100B853EC /* iats */,
				DB06DFC21E3D64E100B853EC /* Products */,
			);
			sourceTree = "<group>";
		};
		DB06DFC21E3D64E100B853EC /* Products */ = {
			isa = PBXGroup;
			children = (
				DB06DFC11E3D64E100B853EC /* iats.app */,
			);
			name = Products;
			sourceTree = "<group>";
		};
		DB06DFC31E3D64E100B853EC /* iats */ = {
			isa = PBXGroup;
			children = (
				DB06DFD81E3D66E900B853EC /* Controllers */,
				DB06DFD71E3D66E200B853EC /* Views */,
				DB06DFD61E3D66D700B853EC /* CustomViews */,
				DB06DFC41E3D64E100B853EC /* AppDelegate.swift */,
				DB06DFC61E3D64E100B853EC /* ViewController.swift */,
				DB06DFC81E3D64E100B853EC /* Main.storyboard */,
				DB06DFCB1E3D64E100B853EC /* Assets.xcassets */,
				DB06DFCD1E3D64E100B853EC /* LaunchScreen.storyboard */,
				DB06DFD01E3D64E100B853EC /* Info.plist */,
			);
			path = iats;
			sourceTree = "<group>";
		};
		DB06DFD61E3D66D700B853EC /* CustomViews */ = {
			isa = PBXGroup;
			children = (
			);
			name = CustomViews;
			sourceTree = "<group>";
		};
		DB06DFD71E3D66E200B853EC /* Views */ = {
			isa = PBXGroup;
			children = (
			);
			name = Views;
			sourceTree = "<group>";
		};
		DB06DFD81E3D66E900B853EC /* Controllers */ = {
			isa = PBXGroup;
			children = (
			);
			name = Controllers;
			sourceTree = "<group>";
		};
/* End PBXGroup section */

/* Begin PBXNativeTarget section */
		DB06DFC01E3D64E100B853EC /* iats */ = {
			isa = PBXNativeTarget;
			buildConfigurationList = DB06DFD31E3D64E100B853EC /* Build configuration list for PBXNativeTarget "iats" */;
			buildPhases = (
				DB06DFBD1E3D64E100B853EC /* Sources */,
				DB06DFBE1E3D64E100B853EC /* Frameworks */,
				DB06DFBF1E3D64E100B853EC /* Resources */,
			);
			buildRules = (
			);
			dependencies = (
			);
			name = iats;
			productName = iats;
			productReference = DB06DFC11E3D64E100B853EC /* iats.app */;
			productType = "com.apple.product-type.application";
		};
/* End PBXNativeTarget section */

/* Begin PBXProject section */
		DB06DFB91E3D64E100B853EC /* Project object */ = {
			isa = PBXProject;
			attributes = {
				LastSwiftUpdateCheck = 0820;
				LastUpgradeCheck = 0820;
				ORGANIZATIONNAME = IATS;
				TargetAttributes = {
					DB06DFC01E3D64E100B853EC = {
						CreatedOnToolsVersion = 8.2.1;
						DevelopmentTeam = VYA5Y6WN2E;
						ProvisioningStyle = Automatic;
					};
				};
			};
			buildConfigurationList = DB06DFBC1E3D64E100B853EC /* Build configuration list for PBXProject "iats" */;
			compatibilityVersion = "Xcode 3.2";
			developmentRegion = English;
			hasScannedForEncodings = 0;
			knownRegions = (
				en,
				Base,
			);
			mainGroup = DB06DFB81E3D64E100B853EC;
			productRefGroup = DB06DFC21E3D64E100B853EC /* Products */;
			projectDirPath = "";
			projectRoot = "";
			targets = (
				DB06DFC01E3D64E100B853EC /* iats */,
			);
		};
/* End PBXProject section */

/* Begin PBXResourcesBuildPhase section */
		DB06DFBF1E3D64E100B853EC /* Resources */ = {
			isa = PBXResourcesBuildPhase;
			buildActionMask = 2147483647;
			files = (
				DB06DFCF1E3D64E100B853EC /* LaunchScreen.storyboard in Resources */,
				DB06DFCC1E3D64E100B853EC /* Assets.xcassets in Resources */,
				DB06DFCA1E3D64E100B853EC /* Main.storyboard in Resources */,
			);
			runOnlyForDeploymentPostprocessing = 0;
		};
/* End PBXResourcesBuildPhase section */

/* Begin PBXSourcesBuildPhase section */
		DB06DFBD1E3D64E100B853EC /* Sources */ = {
			isa = PBXSourcesBuildPhase;
			buildActionMask = 2147483647;
			files = (
				DB06DFC71E3D64E100B853EC /* ViewController.swift in Sources */,
				DB06DFC51E3D64E100B853EC /* AppDelegate.swift in Sources */,
			);
			runOnlyForDeploymentPostprocessing = 0;
		};
/* End PBXSourcesBuildPhase section */

/* Begin PBXVariantGroup section */
		DB06DFC81E3D64E100B853EC /* Main.storyboard */ = {
			isa = PBXVariantGroup;
			children = (
				DB06DFC91E3D64E100B853EC /* Base */,
			);
			name = Main.storyboard;
			sourceTree = "<group>";
		};
		DB06DFCD1E3D64E100B853EC /* LaunchScreen.storyboard */ = {
			isa = PBXVariantGroup;
			children = (
				DB06DFCE1E3D64E100B853EC /* Base */,
			);
			name = LaunchScreen.storyboard;
			sourceTree = "<group>";
		};
/* End PBXVariantGroup section */

/* Begin XCBuildConfiguration section */
		DB06DFD11E3D64E100B853EC /* Debug */ = {
			isa = XCBuildConfiguration;
			buildSettings = {
				ALWAYS_SEARCH_USER_PATHS = NO;
				CLANG_ANALYZER_NONNULL = YES;
				CLANG_CXX_LANGUAGE_STANDARD = "gnu++0x";
				CLANG_CXX_LIBRARY = "libc++";
				CLANG_ENABLE_MODULES = YES;
				CLANG_ENABLE_OBJC_ARC = YES;
				CLANG_WARN_BOOL_CONVERSION = YES;
				CLANG_WARN_CONSTANT_CONVERSION = YES;
				CLANG_WARN_DIRECT_OBJC_ISA_USAGE = YES_ERROR;
				CLANG_WARN_DOCUMENTATION_COMMENTS = YES;
				CLANG_WARN_EMPTY_BODY = YES;
				CLANG_WARN_ENUM_CONVERSION = YES;
				CLANG_WARN_INFINITE_RECURSION = YES;
				CLANG_WARN_INT_CONVERSION = YES;
				CLANG_WARN_OBJC_ROOT_CLASS = YES_ERROR;
				CLANG_WARN_SUSPICIOUS_MOVE = YES;
				CLANG_WARN_UNREACHABLE_CODE = YES;
				CLANG_WARN__DUPLICATE_METHOD_MATCH = YES;
				"CODE_SIGN_IDENTITY[sdk=iphoneos*]" = "iPhone Developer";
				COPY_PHASE_STRIP = NO;
				DEBUG_INFORMATION_FORMAT = dwarf;
				ENABLE_STRICT_OBJC_MSGSEND = YES;
				ENABLE_TESTABILITY = YES;
				GCC_C_LANGUAGE_STANDARD = gnu99;
				GCC_DYNAMIC_NO_PIC = NO;
				GCC_NO_COMMON_BLOCKS = YES;
				GCC_OPTIMIZATION_LEVEL = 0;
				GCC_PREPROCESSOR_DEFINITIONS = (
					"DEBUG=1",
					"$(inherited)",
				);
				GCC_WARN_64_TO_32_BIT_CONVERSION = YES;
				GCC_WARN_ABOUT_RETURN_TYPE = YES_ERROR;
				GCC_WARN_UNDECLARED_SELECTOR = YES;
				GCC_WARN_UNINITIALIZED_AUTOS = YES_AGGRESSIVE;
				GCC_WARN_UNUSED_FUNCTION = YES;
				GCC_WARN_UNUSED_VARIABLE = YES;
				IPHONEOS_DEPLOYMENT_TARGET = 9.3;
				MTL_ENABLE_DEBUG_INFO = YES;
				ONLY_ACTIVE_ARCH = YES;
				SDKROOT = iphoneos;
				SWIFT_ACTIVE_COMPILATION_CONDITIONS = DEBUG;
				SWIFT_OPTIMIZATION_LEVEL = "-Onone";
			};
			name = Debug;
		};
		DB06DFD21E3D64E100B853EC /* Release */ = {
			isa = XCBuildConfiguration;
			buildSettings = {
				ALWAYS_SEARCH_USER_PATHS = NO;
				CLANG_ANALYZER_NONNULL = YES;
				CLANG_CXX_LANGUAGE_STANDARD = "gnu++0x";
				CLANG_CXX_LIBRARY = "libc++";
				CLANG_ENABLE_MODULES = YES;
				CLANG_ENABLE_OBJC_ARC = YES;
				CLANG_WARN_BOOL_CONVERSION = YES;
				CLANG_WARN_CONSTANT_CONVERSION = YES;
				CLANG_WARN_DIRECT_OBJC_ISA_USAGE = YES_ERROR;
				CLANG_WARN_DOCUMENTATION_COMMENTS = YES;
				CLANG_WARN_EMPTY_BODY = YES;
				CLANG_WARN_ENUM_CONVERSION = YES;
				CLANG_WARN_INFINITE_RECURSION = YES;
				CLANG_WARN_INT_CONVERSION = YES;
				CLANG_WARN_OBJC_ROOT_CLASS = YES_ERROR;
				CLANG_WARN_SUSPICIOUS_MOVE = YES;
				CLANG_WARN_UNREACHABLE_CODE = YES;
				CLANG_WARN__DUPLICATE_METHOD_MATCH = YES;
				"CODE_SIGN_IDENTITY[sdk=iphoneos*]" = "iPhone Developer";
				COPY_PHASE_STRIP = NO;
				DEBUG_INFORMATION_FORMAT = "dwarf-with-dsym";
				ENABLE_NS_ASSERTIONS = NO;
				ENABLE_STRICT_OBJC_MSGSEND = YES;
				GCC_C_LANGUAGE_STANDARD = gnu99;
				GCC_NO_COMMON_BLOCKS = YES;
				GCC_WARN_64_TO_32_BIT_CONVERSION = YES;
				GCC_WARN_ABOUT_RETURN_TYPE = YES_ERROR;
				GCC_WARN_UNDECLARED_SELECTOR = YES;
				GCC_WARN_UNINITIALIZED_AUTOS = YES_AGGRESSIVE;
				GCC_WARN_UNUSED_FUNCTION = YES;
				GCC_WARN_UNUSED_VARIABLE = YES;
				IPHONEOS_DEPLOYMENT_TARGET = 9.3;
				MTL_ENABLE_DEBUG_INFO = NO;
				SDKROOT = iphoneos;
				SWIFT_OPTIMIZATION_LEVEL = "-Owholemodule";
				VALIDATE_PRODUCT = YES;
			};
			name = Release;
		};
		DB06DFD41E3D64E100B853EC /* Debug */ = {
			isa = XCBuildConfiguration;
			buildSettings = {
				ASSETCATALOG_COMPILER_APPICON_NAME = AppIcon;
				DEVELOPMENT_TEAM = VYA5Y6WN2E;
				INFOPLIST_FILE = iats/Info.plist;
				LD_RUNPATH_SEARCH_PATHS = "$(inherited) @executable_path/Frameworks";
				PRODUCT_BUNDLE_IDENTIFIER = com.hoiyen.iats;
				PRODUCT_NAME = "$(TARGET_NAME)";
				SWIFT_VERSION = 3.0;
			};
			name = Debug;
		};
		DB06DFD51E3D64E100B853EC /* Release */ = {
			isa = XCBuildConfiguration;
			buildSettings = {
				ASSETCATALOG_COMPILER_APPICON_NAME = AppIcon;
				DEVELOPMENT_TEAM = VYA5Y6WN2E;
				INFOPLIST_FILE = iats/Info.plist;
				LD_RUNPATH_SEARCH_PATHS = "$(inherited) @executable_path/Frameworks";
				PRODUCT_BUNDLE_IDENTIFIER = com.hoiyen.iats;
				PRODUCT_NAME = "$(TARGET_NAME)";
				SWIFT_VERSION = 3.0;
			};
			name = Release;
		};
/* End XCBuildConfiguration section */

/* Begin XCConfigurationList section */
		DB06DFBC1E3D64E100B853EC /* Build configuration list for PBXProject "iats" */ = {
			isa = XCConfigurationList;
			buildConfigurations = (
				DB06DFD11E3D64E100B853EC /* Debug */,
				DB06DFD21E3D64E100B853EC /* Release */,
			);
			defaultConfigurationIsVisible = 0;
			defaultConfigurationName = Release;
		};
		DB06DFD31E3D64E100B853EC /* Build configuration list for PBXNativeTarget "iats" */ = {
			isa = XCConfigurationList;
			buildConfigurations = (
				DB06DFD41E3D64E100B853EC /* Debug */,
				DB06DFD51E3D64E100B853EC /* Release */,
			);
			defaultConfigurationIsVisible = 0;
		};
/* End XCConfigurationList section */
	};
	rootObject = DB06DFB91E3D64E100B853EC /* Project object */;
}
